
Microsoft Visual Studio Solution File, Format Version 12.00
# Visual Studio 15
VisualStudioVersion = 15.0.27130.2027
MinimumVisualStudioVersion = 10.0.40219.1
Project("{8BC9CEB8-8B4A-11D0-8D11-00A0C91BC942}") = "use_gtest", "src\use_gtest\use_gtest.vcxproj", "{EA7F6D35-053C-455E-BD8F-AFF987A96C1F}"
EndProject
Project("{8BC9CEB8-8B4A-11D0-8D11-00A0C91BC942}") = "use_mysql", "src\use_mysql\use_mysql.vcxproj", "{F31A5492-84B2-4C58-98D5-4FC46980CE46}"
EndProject
Project("{8BC9CEB8-8B4A-11D0-8D11-00A0C91BC942}") = "use_glog", "src\use_glog\use_glog.vcxproj", "{61645FA2-3A0A-48B2-B8F8-6B04BC18D44F}"
EndProject
Project("{8BC9CEB8-8B4A-11D0-8D11-00A0C91BC942}") = "use_benchmark", "src\use_benchmark\use_benchmark.vcxproj", "{25C88D1F-5D4F-4BBE-89DE-39E917FA6AE5}"
EndProject
Project("{8BC9CEB8-8B4A-11D0-8D11-00A0C91BC942}") = "use_libuv", "src\use_libuv\use_libuv.vcxproj", "{479FF4A6-8E53-4FB1-B074-29BBF6B000DF}"
EndProject
Project("{8BC9CEB8-8B4A-11D0-8D11-00A0C91BC942}") = "use_mongo", "src\use_mongo\use_mongo.vcxproj", "{CA6CB319-21C1-4162-96D7-1694686FDB05}"
EndProject
Project("{8BC9CEB8-8B4A-11D0-8D11-00A0C91BC942}") = "use_lua", "src\use_lua\use_lua.vcxproj", "{5AB7A0BE-3ADA-42A7-867F-30A1839FBBA1}"
EndProject
Project("{8BC9CEB8-8B4A-11D0-8D11-00A0C91BC942}") = "use_protobuf", "src\use_protobuf\use_protobuf.vcxproj", "{2CEB849D-B89F-4F37-A657-ED7561E53072}"
EndProject
Project("{2150E333-8FDC-42A3-9474-1A3956D46DE8}") = "use", "use", "{5F2BB631-B93E-4C55-8E6E-561E2AA5778E}"
EndProject
Project("{8BC9CEB8-8B4A-11D0-8D11-00A0C91BC942}") = "libuv_server", "src\libuv_server\libuv_server.vcxproj", "{0A1F2F5E-5701-4709-AF5E-D4711CB4E156}"
EndProject
Project("{8BC9CEB8-8B4A-11D0-8D11-00A0C91BC942}") = "libuv_client", "src\libuv_client\libuv_client.vcxproj", "{7EB01B8D-35CF-42FF-BE3D-41287A2D6D19}"
EndProject
Project("{8BC9CEB8-8B4A-11D0-8D11-00A0C91BC942}") = "utils", "src\utils\utils.vcxproj", "{2990F254-8BE1-4B43-B0CD-D26654A36ED7}"
EndProject
Project("{8BC9CEB8-8B4A-11D0-8D11-00A0C91BC942}") = "use_lua51", "src\use_lua51\use_lua51.vcxproj", "{9537ADDF-CB0A-4DDB-B65A-1899E3760D09}"
EndProject
Project("{2150E333-8FDC-42A3-9474-1A3956D46DE8}") = "lib", "lib", "{F206B355-B535-41E3-BEC4-1DD17DD32306}"
EndProject
Project("{8BC9CEB8-8B4A-11D0-8D11-00A0C91BC942}") = "mylib", "src\mylib\mylib.vcxproj", "{AE785C67-C527-4314-B6F4-BCAA85624BF4}"
EndProject
Global
	GlobalSection(SolutionConfigurationPlatforms) = preSolution
		Debug|x64 = Debug|x64
		Debug|x86 = Debug|x86
		Release|x64 = Release|x64
		Release|x86 = Release|x86
	EndGlobalSection
	GlobalSection(ProjectConfigurationPlatforms) = postSolution
		{EA7F6D35-053C-455E-BD8F-AFF987A96C1F}.Debug|x64.ActiveCfg = Debug|x64
		{EA7F6D35-053C-455E-BD8F-AFF987A96C1F}.Debug|x64.Build.0 = Debug|x64
		{EA7F6D35-053C-455E-BD8F-AFF987A96C1F}.Debug|x86.ActiveCfg = Debug|Win32
		{EA7F6D35-053C-455E-BD8F-AFF987A96C1F}.Debug|x86.Build.0 = Debug|Win32
		{EA7F6D35-053C-455E-BD8F-AFF987A96C1F}.Release|x64.ActiveCfg = Release|x64
		{EA7F6D35-053C-455E-BD8F-AFF987A96C1F}.Release|x64.Build.0 = Release|x64
		{EA7F6D35-053C-455E-BD8F-AFF987A96C1F}.Release|x86.ActiveCfg = Release|Win32
		{EA7F6D35-053C-455E-BD8F-AFF987A96C1F}.Release|x86.Build.0 = Release|Win32
		{F31A5492-84B2-4C58-98D5-4FC46980CE46}.Debug|x64.ActiveCfg = Debug|x64
		{F31A5492-84B2-4C58-98D5-4FC46980CE46}.Debug|x64.Build.0 = Debug|x64
		{F31A5492-84B2-4C58-98D5-4FC46980CE46}.Debug|x86.ActiveCfg = Debug|Win32
		{F31A5492-84B2-4C58-98D5-4FC46980CE46}.Debug|x86.Build.0 = Debug|Win32
		{F31A5492-84B2-4C58-98D5-4FC46980CE46}.Release|x64.ActiveCfg = Release|x64
		{F31A5492-84B2-4C58-98D5-4FC46980CE46}.Release|x64.Build.0 = Release|x64
		{F31A5492-84B2-4C58-98D5-4FC46980CE46}.Release|x86.ActiveCfg = Release|Win32
		{F31A5492-84B2-4C58-98D5-4FC46980CE46}.Release|x86.Build.0 = Release|Win32
		{61645FA2-3A0A-48B2-B8F8-6B04BC18D44F}.Debug|x64.ActiveCfg = Debug|x64
		{61645FA2-3A0A-48B2-B8F8-6B04BC18D44F}.Debug|x64.Build.0 = Debug|x64
		{61645FA2-3A0A-48B2-B8F8-6B04BC18D44F}.Debug|x86.ActiveCfg = Debug|Win32
		{61645FA2-3A0A-48B2-B8F8-6B04BC18D44F}.Debug|x86.Build.0 = Debug|Win32
		{61645FA2-3A0A-48B2-B8F8-6B04BC18D44F}.Release|x64.ActiveCfg = Release|x64
		{61645FA2-3A0A-48B2-B8F8-6B04BC18D44F}.Release|x64.Build.0 = Release|x64
		{61645FA2-3A0A-48B2-B8F8-6B04BC18D44F}.Release|x86.ActiveCfg = Release|Win32
		{61645FA2-3A0A-48B2-B8F8-6B04BC18D44F}.Release|x86.Build.0 = Release|Win32
		{25C88D1F-5D4F-4BBE-89DE-39E917FA6AE5}.Debug|x64.ActiveCfg = Debug|x64
		{25C88D1F-5D4F-4BBE-89DE-39E917FA6AE5}.Debug|x64.Build.0 = Debug|x64
		{25C88D1F-5D4F-4BBE-89DE-39E917FA6AE5}.Debug|x86.ActiveCfg = Debug|Win32
		{25C88D1F-5D4F-4BBE-89DE-39E917FA6AE5}.Debug|x86.Build.0 = Debug|Win32
		{25C88D1F-5D4F-4BBE-89DE-39E917FA6AE5}.Release|x64.ActiveCfg = Release|x64
		{25C88D1F-5D4F-4BBE-89DE-39E917FA6AE5}.Release|x64.Build.0 = Release|x64
		{25C88D1F-5D4F-4BBE-89DE-39E917FA6AE5}.Release|x86.ActiveCfg = Release|Win32
		{25C88D1F-5D4F-4BBE-89DE-39E917FA6AE5}.Release|x86.Build.0 = Release|Win32
		{479FF4A6-8E53-4FB1-B074-29BBF6B000DF}.Debug|x64.ActiveCfg = Debug|x64
		{479FF4A6-8E53-4FB1-B074-29BBF6B000DF}.Debug|x64.Build.0 = Debug|x64
		{479FF4A6-8E53-4FB1-B074-29BBF6B000DF}.Debug|x86.ActiveCfg = Debug|Win32
		{479FF4A6-8E53-4FB1-B074-29BBF6B000DF}.Debug|x86.Build.0 = Debug|Win32
		{479FF4A6-8E53-4FB1-B074-29BBF6B000DF}.Release|x64.ActiveCfg = Release|x64
		{479FF4A6-8E53-4FB1-B074-29BBF6B000DF}.Release|x64.Build.0 = Release|x64
		{479FF4A6-8E53-4FB1-B074-29BBF6B000DF}.Release|x86.ActiveCfg = Release|Win32
		{479FF4A6-8E53-4FB1-B074-29BBF6B000DF}.Release|x86.Build.0 = Release|Win32
		{CA6CB319-21C1-4162-96D7-1694686FDB05}.Debug|x64.ActiveCfg = Debug|x64
		{CA6CB319-21C1-4162-96D7-1694686FDB05}.Debug|x64.Build.0 = Debug|x64
		{CA6CB319-21C1-4162-96D7-1694686FDB05}.Debug|x86.ActiveCfg = Debug|Win32
		{CA6CB319-21C1-4162-96D7-1694686FDB05}.Debug|x86.Build.0 = Debug|Win32
		{CA6CB319-21C1-4162-96D7-1694686FDB05}.Release|x64.ActiveCfg = Release|x64
		{CA6CB319-21C1-4162-96D7-1694686FDB05}.Release|x64.Build.0 = Release|x64
		{CA6CB319-21C1-4162-96D7-1694686FDB05}.Release|x86.ActiveCfg = Release|Win32
		{CA6CB319-21C1-4162-96D7-1694686FDB05}.Release|x86.Build.0 = Release|Win32
		{5AB7A0BE-3ADA-42A7-867F-30A1839FBBA1}.Debug|x64.ActiveCfg = Debug|x64
		{5AB7A0BE-3ADA-42A7-867F-30A1839FBBA1}.Debug|x64.Build.0 = Debug|x64
		{5AB7A0BE-3ADA-42A7-867F-30A1839FBBA1}.Debug|x86.ActiveCfg = Debug|Win32
		{5AB7A0BE-3ADA-42A7-867F-30A1839FBBA1}.Debug|x86.Build.0 = Debug|Win32
		{5AB7A0BE-3ADA-42A7-867F-30A1839FBBA1}.Release|x64.ActiveCfg = Release|x64
		{5AB7A0BE-3ADA-42A7-867F-30A1839FBBA1}.Release|x64.Build.0 = Release|x64
		{5AB7A0BE-3ADA-42A7-867F-30A1839FBBA1}.Release|x86.ActiveCfg = Release|Win32
		{5AB7A0BE-3ADA-42A7-867F-30A1839FBBA1}.Release|x86.Build.0 = Release|Win32
		{2CEB849D-B89F-4F37-A657-ED7561E53072}.Debug|x64.ActiveCfg = Debug|x64
		{2CEB849D-B89F-4F37-A657-ED7561E53072}.Debug|x64.Build.0 = Debug|x64
		{2CEB849D-B89F-4F37-A657-ED7561E53072}.Debug|x86.ActiveCfg = Debug|Win32
		{2CEB849D-B89F-4F37-A657-ED7561E53072}.Debug|x86.Build.0 = Debug|Win32
		{2CEB849D-B89F-4F37-A657-ED7561E53072}.Release|x64.ActiveCfg = Release|x64
		{2CEB849D-B89F-4F37-A657-ED7561E53072}.Release|x64.Build.0 = Release|x64
		{2CEB849D-B89F-4F37-A657-ED7561E53072}.Release|x86.ActiveCfg = Release|Win32
		{2CEB849D-B89F-4F37-A657-ED7561E53072}.Release|x86.Build.0 = Release|Win32
		{0A1F2F5E-5701-4709-AF5E-D4711CB4E156}.Debug|x64.ActiveCfg = Debug|x64
		{0A1F2F5E-5701-4709-AF5E-D4711CB4E156}.Debug|x64.Build.0 = Debug|x64
		{0A1F2F5E-5701-4709-AF5E-D4711CB4E156}.Debug|x86.ActiveCfg = Debug|Win32
		{0A1F2F5E-5701-4709-AF5E-D4711CB4E156}.Debug|x86.Build.0 = Debug|Win32
		{0A1F2F5E-5701-4709-AF5E-D4711CB4E156}.Release|x64.ActiveCfg = Release|x64
		{0A1F2F5E-5701-4709-AF5E-D4711CB4E156}.Release|x64.Build.0 = Release|x64
		{0A1F2F5E-5701-4709-AF5E-D4711CB4E156}.Release|x86.ActiveCfg = Release|Win32
		{0A1F2F5E-5701-4709-AF5E-D4711CB4E156}.Release|x86.Build.0 = Release|Win32
		{7EB01B8D-35CF-42FF-BE3D-41287A2D6D19}.Debug|x64.ActiveCfg = Debug|x64
		{7EB01B8D-35CF-42FF-BE3D-41287A2D6D19}.Debug|x64.Build.0 = Debug|x64
		{7EB01B8D-35CF-42FF-BE3D-41287A2D6D19}.Debug|x86.ActiveCfg = Debug|Win32
		{7EB01B8D-35CF-42FF-BE3D-41287A2D6D19}.Debug|x86.Build.0 = Debug|Win32
		{7EB01B8D-35CF-42FF-BE3D-41287A2D6D19}.Release|x64.ActiveCfg = Release|x64
		{7EB01B8D-35CF-42FF-BE3D-41287A2D6D19}.Release|x64.Build.0 = Release|x64
		{7EB01B8D-35CF-42FF-BE3D-41287A2D6D19}.Release|x86.ActiveCfg = Release|Win32
		{7EB01B8D-35CF-42FF-BE3D-41287A2D6D19}.Release|x86.Build.0 = Release|Win32
		{2990F254-8BE1-4B43-B0CD-D26654A36ED7}.Debug|x64.ActiveCfg = Debug|x64
		{2990F254-8BE1-4B43-B0CD-D26654A36ED7}.Debug|x64.Build.0 = Debug|x64
		{2990F254-8BE1-4B43-B0CD-D26654A36ED7}.Debug|x86.ActiveCfg = Debug|Win32
		{2990F254-8BE1-4B43-B0CD-D26654A36ED7}.Debug|x86.Build.0 = Debug|Win32
		{2990F254-8BE1-4B43-B0CD-D26654A36ED7}.Release|x64.ActiveCfg = Release|x64
		{2990F254-8BE1-4B43-B0CD-D26654A36ED7}.Release|x64.Build.0 = Release|x64
		{2990F254-8BE1-4B43-B0CD-D26654A36ED7}.Release|x86.ActiveCfg = Release|Win32
		{2990F254-8BE1-4B43-B0CD-D26654A36ED7}.Release|x86.Build.0 = Release|Win32
		{9537ADDF-CB0A-4DDB-B65A-1899E3760D09}.Debug|x64.ActiveCfg = Debug|x64
		{9537ADDF-CB0A-4DDB-B65A-1899E3760D09}.Debug|x64.Build.0 = Debug|x64
		{9537ADDF-CB0A-4DDB-B65A-1899E3760D09}.Debug|x86.ActiveCfg = Debug|Win32
		{9537ADDF-CB0A-4DDB-B65A-1899E3760D09}.Debug|x86.Build.0 = Debug|Win32
		{9537ADDF-CB0A-4DDB-B65A-1899E3760D09}.Release|x64.ActiveCfg = Release|x64
		{9537ADDF-CB0A-4DDB-B65A-1899E3760D09}.Release|x64.Build.0 = Release|x64
		{9537ADDF-CB0A-4DDB-B65A-1899E3760D09}.Release|x86.ActiveCfg = Release|Win32
		{9537ADDF-CB0A-4DDB-B65A-1899E3760D09}.Release|x86.Build.0 = Release|Win32
		{AE785C67-C527-4314-B6F4-BCAA85624BF4}.Debug|x64.ActiveCfg = Debug|x64
		{AE785C67-C527-4314-B6F4-BCAA85624BF4}.Debug|x64.Build.0 = Debug|x64
		{AE785C67-C527-4314-B6F4-BCAA85624BF4}.Debug|x86.ActiveCfg = Debug|Win32
		{AE785C67-C527-4314-B6F4-BCAA85624BF4}.Debug|x86.Build.0 = Debug|Win32
		{AE785C67-C527-4314-B6F4-BCAA85624BF4}.Release|x64.ActiveCfg = Release|x64
		{AE785C67-C527-4314-B6F4-BCAA85624BF4}.Release|x64.Build.0 = Release|x64
		{AE785C67-C527-4314-B6F4-BCAA85624BF4}.Release|x86.ActiveCfg = Release|Win32
		{AE785C67-C527-4314-B6F4-BCAA85624BF4}.Release|x86.Build.0 = Release|Win32
	EndGlobalSection
	GlobalSection(SolutionProperties) = preSolution
		HideSolutionNode = FALSE
	EndGlobalSection
	GlobalSection(NestedProjects) = preSolution
		{EA7F6D35-053C-455E-BD8F-AFF987A96C1F} = {5F2BB631-B93E-4C55-8E6E-561E2AA5778E}
		{F31A5492-84B2-4C58-98D5-4FC46980CE46} = {5F2BB631-B93E-4C55-8E6E-561E2AA5778E}
		{61645FA2-3A0A-48B2-B8F8-6B04BC18D44F} = {5F2BB631-B93E-4C55-8E6E-561E2AA5778E}
		{25C88D1F-5D4F-4BBE-89DE-39E917FA6AE5} = {5F2BB631-B93E-4C55-8E6E-561E2AA5778E}
		{479FF4A6-8E53-4FB1-B074-29BBF6B000DF} = {5F2BB631-B93E-4C55-8E6E-561E2AA5778E}
		{CA6CB319-21C1-4162-96D7-1694686FDB05} = {5F2BB631-B93E-4C55-8E6E-561E2AA5778E}
		{5AB7A0BE-3ADA-42A7-867F-30A1839FBBA1} = {5F2BB631-B93E-4C55-8E6E-561E2AA5778E}
		{2CEB849D-B89F-4F37-A657-ED7561E53072} = {5F2BB631-B93E-4C55-8E6E-561E2AA5778E}
		{9537ADDF-CB0A-4DDB-B65A-1899E3760D09} = {5F2BB631-B93E-4C55-8E6E-561E2AA5778E}
		{AE785C67-C527-4314-B6F4-BCAA85624BF4} = {F206B355-B535-41E3-BEC4-1DD17DD32306}
	EndGlobalSection
	GlobalSection(ExtensibilityGlobals) = postSolution
		SolutionGuid = {7CB07D9F-F122-4BB3-AA37-A025AC85BCFC}
	EndGlobalSection
EndGlobal
